
Microsoft Visual Studio Solution File, Format Version 12.00
# Visual Studio Version 16
VisualStudioVersion = 25.0.1706.14
MinimumVisualStudioVersion = 10.0.40219.1
Project("{FAE04EC0-301F-11D3-BF4B-00C04F79EFBC}") = "StruturedPrograming", "StruturedPrograming\StruturedPrograming.csproj", "{F0F2F0E4-8FDA-478B-81CC-9D723943F06F}"
EndProject
Project("{FAE04EC0-301F-11D3-BF4B-00C04F79EFBC}") = "Object-orientedProgramming", "Object-orientedProgramming\Object-orientedProgramming.csproj", "{FD267834-269E-425B-85AA-8EF52F9C471B}"
EndProject
Project("{FAE04EC0-301F-11D3-BF4B-00C04F79EFBC}") = "FuncionalProgramming", "FuncionalProgramming\FuncionalProgramming.csproj", "{9B269229-E767-4E23-A180-D5EADB529077}"
EndProject
Project("{FAE04EC0-301F-11D3-BF4B-00C04F79EFBC}") = "Generics", "Generics\Generics.csproj", "{B45291BF-C3F3-4F44-860C-30CD243BCD51}"
EndProject
Project("{FAE04EC0-301F-11D3-BF4B-00C04F79EFBC}") = "ExtensionMethods", "ExtensionMethods\ExtensionMethods.csproj", "{7595ECDB-0577-4300-985F-7FCE0E4C318E}"
EndProject
Project("{FAE04EC0-301F-11D3-BF4B-00C04F79EFBC}") = "Reference", "Reference\Reference.csproj", "{8FEB6FBB-BA95-4E2D-BF4C-6AE0AF946476}"
EndProject
Project("{FAE04EC0-301F-11D3-BF4B-00C04F79EFBC}") = "Inmutability", "Inmutability\Inmutability.csproj", "{C332281C-494D-4561-B6ED-05AE1A73702D}"
EndProject
Project("{FAE04EC0-301F-11D3-BF4B-00C04F79EFBC}") = "Records", "Records\Records.csproj", "{94E73F7A-7535-4801-927A-88415C76D6A7}"
EndProject
Project("{FAE04EC0-301F-11D3-BF4B-00C04F79EFBC}") = "AdvancedFunctionalProgramming", "AdvancedFunctionalProgramming\AdvancedFunctionalProgramming.csproj", "{BE146769-513F-469A-8D9E-39C57AA778D8}"
EndProject
Global
	GlobalSection(SolutionConfigurationPlatforms) = preSolution
		Debug|Any CPU = Debug|Any CPU
		Release|Any CPU = Release|Any CPU
	EndGlobalSection
	GlobalSection(ProjectConfigurationPlatforms) = postSolution
		{F0F2F0E4-8FDA-478B-81CC-9D723943F06F}.Debug|Any CPU.ActiveCfg = Debug|Any CPU
		{F0F2F0E4-8FDA-478B-81CC-9D723943F06F}.Debug|Any CPU.Build.0 = Debug|Any CPU
		{F0F2F0E4-8FDA-478B-81CC-9D723943F06F}.Release|Any CPU.ActiveCfg = Release|Any CPU
		{F0F2F0E4-8FDA-478B-81CC-9D723943F06F}.Release|Any CPU.Build.0 = Release|Any CPU
		{FD267834-269E-425B-85AA-8EF52F9C471B}.Debug|Any CPU.ActiveCfg = Debug|Any CPU
		{FD267834-269E-425B-85AA-8EF52F9C471B}.Debug|Any CPU.Build.0 = Debug|Any CPU
		{FD267834-269E-425B-85AA-8EF52F9C471B}.Release|Any CPU.ActiveCfg = Release|Any CPU
		{FD267834-269E-425B-85AA-8EF52F9C471B}.Release|Any CPU.Build.0 = Release|Any CPU
		{9B269229-E767-4E23-A180-D5EADB529077}.Debug|Any CPU.ActiveCfg = Debug|Any CPU
		{9B269229-E767-4E23-A180-D5EADB529077}.Debug|Any CPU.Build.0 = Debug|Any CPU
		{9B269229-E767-4E23-A180-D5EADB529077}.Release|Any CPU.ActiveCfg = Release|Any CPU
		{9B269229-E767-4E23-A180-D5EADB529077}.Release|Any CPU.Build.0 = Release|Any CPU
		{B45291BF-C3F3-4F44-860C-30CD243BCD51}.Debug|Any CPU.ActiveCfg = Debug|Any CPU
		{B45291BF-C3F3-4F44-860C-30CD243BCD51}.Debug|Any CPU.Build.0 = Debug|Any CPU
		{B45291BF-C3F3-4F44-860C-30CD243BCD51}.Release|Any CPU.ActiveCfg = Release|Any CPU
		{B45291BF-C3F3-4F44-860C-30CD243BCD51}.Release|Any CPU.Build.0 = Release|Any CPU
		{7595ECDB-0577-4300-985F-7FCE0E4C318E}.Debug|Any CPU.ActiveCfg = Debug|Any CPU
		{7595ECDB-0577-4300-985F-7FCE0E4C318E}.Debug|Any CPU.Build.0 = Debug|Any CPU
		{7595ECDB-0577-4300-985F-7FCE0E4C318E}.Release|Any CPU.ActiveCfg = Release|Any CPU
		{7595ECDB-0577-4300-985F-7FCE0E4C318E}.Release|Any CPU.Build.0 = Release|Any CPU
		{8FEB6FBB-BA95-4E2D-BF4C-6AE0AF946476}.Debug|Any CPU.ActiveCfg = Debug|Any CPU
		{8FEB6FBB-BA95-4E2D-BF4C-6AE0AF946476}.Debug|Any CPU.Build.0 = Debug|Any CPU
		{8FEB6FBB-BA95-4E2D-BF4C-6AE0AF946476}.Release|Any CPU.ActiveCfg = Release|Any CPU
		{8FEB6FBB-BA95-4E2D-BF4C-6AE0AF946476}.Release|Any CPU.Build.0 = Release|Any CPU
		{C332281C-494D-4561-B6ED-05AE1A73702D}.Debug|Any CPU.ActiveCfg = Debug|Any CPU
		{C332281C-494D-4561-B6ED-05AE1A73702D}.Debug|Any CPU.Build.0 = Debug|Any CPU
		{C332281C-494D-4561-B6ED-05AE1A73702D}.Release|Any CPU.ActiveCfg = Release|Any CPU
		{C332281C-494D-4561-B6ED-05AE1A73702D}.Release|Any CPU.Build.0 = Release|Any CPU
		{94E73F7A-7535-4801-927A-88415C76D6A7}.Debug|Any CPU.ActiveCfg = Debug|Any CPU
		{94E73F7A-7535-4801-927A-88415C76D6A7}.Debug|Any CPU.Build.0 = Debug|Any CPU
		{94E73F7A-7535-4801-927A-88415C76D6A7}.Release|Any CPU.ActiveCfg = Release|Any CPU
		{94E73F7A-7535-4801-927A-88415C76D6A7}.Release|Any CPU.Build.0 = Release|Any CPU
		{BE146769-513F-469A-8D9E-39C57AA778D8}.Debug|Any CPU.ActiveCfg = Debug|Any CPU
		{BE146769-513F-469A-8D9E-39C57AA778D8}.Debug|Any CPU.Build.0 = Debug|Any CPU
		{BE146769-513F-469A-8D9E-39C57AA778D8}.Release|Any CPU.ActiveCfg = Release|Any CPU
		{BE146769-513F-469A-8D9E-39C57AA778D8}.Release|Any CPU.Build.0 = Release|Any CPU
	EndGlobalSection
	GlobalSection(SolutionProperties) = preSolution
		HideSolutionNode = FALSE
	EndGlobalSection
	GlobalSection(ExtensibilityGlobals) = postSolution
		SolutionGuid = {9FB3FC3B-76D9-4B68-BCCE-B9F926948650}
	EndGlobalSection
EndGlobal
